{
    "_readme": [
        "This file locks the dependencies of your project to a known state",
        "Read more about it at https://getcomposer.org/doc/01-basic-usage.md#installing-dependencies",
        "This file is @generated automatically"
    ],
    "content-hash": "e5e75d13dbe478939254736ae9b28598",
    "packages": [
        {
            "name": "kuria/debug",
            "version": "v4.0.1",
            "source": {
                "type": "git",
                "url": "https://github.com/kuria/debug.git",
                "reference": "7fcb37ba97f54582e6cb4efea4e21ac969baaf76"
            },
            "dist": {
                "type": "zip",
                "url": "https://api.github.com/repos/kuria/debug/zipball/7fcb37ba97f54582e6cb4efea4e21ac969baaf76",
                "reference": "7fcb37ba97f54582e6cb4efea4e21ac969baaf76",
                "shasum": ""
            },
            "require": {
                "ext-mbstring": "*",
                "php": ">=7.1"
            },
            "require-dev": {
                "kuria/dev-meta": "^0.5"
            },
            "type": "library",
            "autoload": {
                "psr-4": {
                    "Kuria\\Debug\\": "src"
                }
            },
            "notification-url": "https://packagist.org/downloads/",
            "license": [
                "MIT"
            ],
            "description": "Collection of useful debugging utilities",
            "keywords": [
                "debug",
                "dump",
                "error",
                "exception",
                "hex",
                "var_dump"
            ],
            "time": "2018-09-19T20:37:02+00:00"
        },
        {
            "name": "kuria/error",
            "version": "v4.2.0",
            "source": {
                "type": "git",
                "url": "https://github.com/kuria/error.git",
                "reference": "a384e6f266e674d47ee49d9520772e8a06eb07f3"
            },
            "dist": {
                "type": "zip",
                "url": "https://api.github.com/repos/kuria/error/zipball/a384e6f266e674d47ee49d9520772e8a06eb07f3",
                "reference": "a384e6f266e674d47ee49d9520772e8a06eb07f3",
                "shasum": ""
            },
            "require": {
                "kuria/debug": "^4.0",
                "kuria/event": "^2.0",
                "kuria/php-highlighter": "^2.0",
                "php": ">=7.1"
            },
            "require-dev": {
                "ext-mbstring": "*",
                "kuria/dev-meta": "^0.5"
            },
            "type": "library",
            "extra": {
                "package-scripts-vars": {
                    "kuria/dev-meta": {
                        "phpcs.standard": "./phpcs.xml"
                    }
                }
            },
            "autoload": {
                "psr-4": {
                    "Kuria\\Error\\": "src"
                }
            },
            "notification-url": "https://packagist.org/downloads/",
            "license": [
                "MIT"
            ],
            "description": "Makes handling and debugging PHP errors suck less",
            "keywords": [
                "debug",
                "debugger",
                "error",
                "error handler",
                "exception",
                "exception handler",
                "fatal",
                "stack",
                "trace"
            ],
            "time": "2018-09-20T19:17:55+00:00"
        },
        {
            "name": "kuria/event",
            "version": "v2.0.1",
            "source": {
                "type": "git",
                "url": "https://github.com/kuria/event.git",
                "reference": "d4f96b50a43f3fb5256b0211ec964b503e7c8daa"
            },
            "dist": {
                "type": "zip",
                "url": "https://api.github.com/repos/kuria/event/zipball/d4f96b50a43f3fb5256b0211ec964b503e7c8daa",
                "reference": "d4f96b50a43f3fb5256b0211ec964b503e7c8daa",
                "shasum": ""
            },
            "require": {
                "php": ">=7.1"
            },
            "require-dev": {
                "kuria/dev-meta": "^0.1.0"
            },
            "type": "library",
            "autoload": {
                "psr-4": {
                    "Kuria\\Event\\": "src"
                }
            },
            "notification-url": "https://packagist.org/downloads/",
            "license": [
                "MIT"
            ],
            "description": "Event library that implements variations of the mediator and observer patterns",
            "keywords": [
                "dispatcher",
                "emitter",
                "event",
                "listener",
                "mediator",
                "observable",
                "observer",
                "subscriber"
            ],
            "time": "2018-03-13T21:47:05+00:00"
        },
        {
            "name": "kuria/php-highlighter",
            "version": "v2.0.0",
            "source": {
                "type": "git",
                "url": "https://github.com/kuria/php-highlighter.git",
                "reference": "c7463c61fdeb8df266c641707449faf39c224d2a"
            },
            "dist": {
                "type": "zip",
                "url": "https://api.github.com/repos/kuria/php-highlighter/zipball/c7463c61fdeb8df266c641707449faf39c224d2a",
                "reference": "c7463c61fdeb8df266c641707449faf39c224d2a",
                "shasum": ""
            },
            "require": {
                "kuria/simple-html-parser": "^2.0",
                "php": ">=7.1"
            },
            "require-dev": {
                "kuria/dev-meta": "^0.1.0"
            },
            "type": "library",
            "autoload": {
                "psr-4": {
                    "Kuria\\PhpHighlighter\\": "src"
                }
            },
            "notification-url": "https://packagist.org/downloads/",
            "license": [
                "MIT"
            ],
            "description": "PHP code highlighter",
            "keywords": [
                "highlight_file",
                "highlight_string",
                "highlighter",
                "php"
            ],
            "time": "2018-03-13T21:49:07+00:00"
        },
        {
            "name": "kuria/simple-html-parser",
            "version": "v2.0.0",
            "source": {
                "type": "git",
                "url": "https://github.com/kuria/simple-html-parser.git",
                "reference": "e5993168013ab143c269ff6ac57c3f4adf2d281d"
            },
            "dist": {
                "type": "zip",
                "url": "https://api.github.com/repos/kuria/simple-html-parser/zipball/e5993168013ab143c269ff6ac57c3f4adf2d281d",
                "reference": "e5993168013ab143c269ff6ac57c3f4adf2d281d",
                "shasum": ""
            },
            "require": {
                "php": ">=7.1"
            },
            "require-dev": {
                "kuria/dev-meta": "^0.1.0"
            },
            "type": "library",
            "autoload": {
                "psr-4": {
                    "Kuria\\SimpleHtmlParser\\": "src"
                }
            },
            "notification-url": "https://packagist.org/downloads/",
            "license": [
                "MIT"
            ],
            "description": "Minimalistic HTML parser",
            "keywords": [
                "DTD",
                "charset",
                "comment",
                "encoding",
                "html",
                "parser",
                "tag"
            ],
            "time": "2018-03-13T21:43:27+00:00"
        },
        {
            "name": "leocavalcante/siler",
            "version": "v1.7.2",
            "source": {
                "type": "git",
                "url": "https://github.com/leocavalcante/siler.git",
                "reference": "929ce3669492211dc22575b0144d3fafda162976"
            },
            "dist": {
                "type": "zip",
                "url": "https://api.github.com/repos/leocavalcante/siler/zipball/929ce3669492211dc22575b0144d3fafda162976",
                "reference": "929ce3669492211dc22575b0144d3fafda162976",
                "shasum": ""
            },
            "require": {
                "php": ">=7.3"
            },
            "require-dev": {
                "cboden/ratchet": "^0.4.1",
                "cocur/slugify": "^3.2",
                "gabordemooij/redbean": "^5.4",
                "google/protobuf": "^3.11",
                "grpc/grpc": "^1.25",
                "laminas/laminas-diactoros": "^2.2",
                "laminas/laminas-httphandlerrunner": "^1.1",
                "laminas/laminas-stratigility": "^3.2",
                "monolog/monolog": "^2.0",
                "phpunit/phpunit": "^8.4",
                "squizlabs/php_codesniffer": "^3.5",
                "swiftmailer/swiftmailer": "^6.2",
                "swoole/ide-helper": "^4.4",
                "textalk/websocket": "^1.2",
                "twig/twig": "^3.0",
                "vimeo/psalm": "^3.7",
                "vlucas/phpdotenv": "^3.6",
                "webonyx/graphql-php": "^0.13"
            },
            "type": "library",
            "autoload": {
                "psr-4": {
                    "Siler\\": "src/"
                },
                "files": [
                    "src/Container/Container.php",
                    "src/Diactoros/Diactoros.php",
                    "src/Dotenv/Dotenv.php",
                    "src/Encoder/Json.php",
                    "src/Env/Env.php",
                    "src/File/File.php",
                    "src/Functional/Functional.php",
                    "src/Functional/Monad/Monad.php",
                    "src/GraphQL/GraphQL.php",
                    "src/Grpc/Grpc.php",
                    "src/Http/Http.php",
                    "src/Http/Request.php",
                    "src/Http/Response.php",
                    "src/HttpHandlerRunner/HttpHandlerRunner.php",
                    "src/Mail/SwiftMailer.php",
                    "src/Monolog/Monolog.php",
                    "src/Prelude/Str.php",
                    "src/Prelude/Tuple.php",
                    "src/Ratchet/Ratchet.php",
                    "src/Result/Result.php",
                    "src/Route/Route.php",
                    "src/Stratigility/Stratigility.php",
                    "src/Swoole/Swoole.php",
                    "src/Twig/Twig.php",
                    "src/Siler.php",
                    "src/facades.php"
                ]
            },
            "notification-url": "https://packagist.org/downloads/",
            "license": [
                "MIT"
            ],
            "authors": [
                {
                    "name": "leocavalcante",
                    "email": "lc@leocavalcante.com"
                }
            ],
            "description": "Siler is a set of general purpose high-level abstractions aiming an API for declarative programming in PHP.",
            "keywords": [
                "api",
                "framework",
                "functional",
                "graphql",
                "micro",
                "router",
                "swoole"
            ],
            "funding": [
                {
                    "url": "https://github.com/leocavalcante",
                    "type": "github"
                }
            ],
            "time": "2020-03-04T00:45:11+00:00"
        },
        {
            "name": "symfony/polyfill-ctype",
            "version": "v1.15.0",
            "source": {
                "type": "git",
                "url": "https://github.com/symfony/polyfill-ctype.git",
                "reference": "4719fa9c18b0464d399f1a63bf624b42b6fa8d14"
            },
            "dist": {
                "type": "zip",
                "url": "https://api.github.com/repos/symfony/polyfill-ctype/zipball/4719fa9c18b0464d399f1a63bf624b42b6fa8d14",
                "reference": "4719fa9c18b0464d399f1a63bf624b42b6fa8d14",
                "shasum": ""
            },
            "require": {
                "php": ">=5.3.3"
            },
            "suggest": {
                "ext-ctype": "For best performance"
            },
            "type": "library",
            "extra": {
                "branch-alias": {
                    "dev-master": "1.15-dev"
                }
            },
            "autoload": {
                "psr-4": {
                    "Symfony\\Polyfill\\Ctype\\": ""
                },
                "files": [
                    "bootstrap.php"
                ]
            },
            "notification-url": "https://packagist.org/downloads/",
            "license": [
                "MIT"
            ],
            "authors": [
                {
                    "name": "Gert de Pagter",
                    "email": "BackEndTea@gmail.com"
                },
                {
                    "name": "Symfony Community",
                    "homepage": "https://symfony.com/contributors"
                }
            ],
            "description": "Symfony polyfill for ctype functions",
            "homepage": "https://symfony.com",
            "keywords": [
                "compatibility",
                "ctype",
                "polyfill",
                "portable"
            ],
            "funding": [
                {
                    "url": "https://symfony.com/sponsor",
                    "type": "custom"
                },
                {
                    "url": "https://github.com/fabpot",
                    "type": "github"
                },
                {
                    "url": "https://tidelift.com/funding/github/packagist/symfony/symfony",
                    "type": "tidelift"
                }
            ],
            "time": "2020-02-27T09:26:54+00:00"
        },
        {
            "name": "symfony/polyfill-mbstring",
            "version": "v1.15.0",
            "source": {
                "type": "git",
                "url": "https://github.com/symfony/polyfill-mbstring.git",
                "reference": "81ffd3a9c6d707be22e3012b827de1c9775fc5ac"
            },
            "dist": {
                "type": "zip",
                "url": "https://api.github.com/repos/symfony/polyfill-mbstring/zipball/81ffd3a9c6d707be22e3012b827de1c9775fc5ac",
                "reference": "81ffd3a9c6d707be22e3012b827de1c9775fc5ac",
                "shasum": ""
            },
            "require": {
                "php": ">=5.3.3"
            },
            "suggest": {
                "ext-mbstring": "For best performance"
            },
            "type": "library",
            "extra": {
                "branch-alias": {
                    "dev-master": "1.15-dev"
                }
            },
            "autoload": {
                "psr-4": {
                    "Symfony\\Polyfill\\Mbstring\\": ""
                },
                "files": [
                    "bootstrap.php"
                ]
            },
            "notification-url": "https://packagist.org/downloads/",
            "license": [
                "MIT"
            ],
            "authors": [
                {
                    "name": "Nicolas Grekas",
                    "email": "p@tchwork.com"
                },
                {
                    "name": "Symfony Community",
                    "homepage": "https://symfony.com/contributors"
                }
            ],
            "description": "Symfony polyfill for the Mbstring extension",
            "homepage": "https://symfony.com",
            "keywords": [
                "compatibility",
                "mbstring",
                "polyfill",
                "portable",
                "shim"
            ],
            "funding": [
                {
                    "url": "https://symfony.com/sponsor",
                    "type": "custom"
                },
                {
                    "url": "https://github.com/fabpot",
                    "type": "github"
                },
                {
                    "url": "https://tidelift.com/funding/github/packagist/symfony/symfony",
                    "type": "tidelift"
                }
            ],
            "time": "2020-03-09T19:04:49+00:00"
        },
        {
            "name": "twig/twig",
            "version": "v3.0.3",
            "source": {
                "type": "git",
                "url": "https://github.com/twigphp/Twig.git",
                "reference": "3b88ccd180a6b61ebb517aea3b1a8906762a1dc2"
            },
            "dist": {
                "type": "zip",
                "url": "https://api.github.com/repos/twigphp/Twig/zipball/3b88ccd180a6b61ebb517aea3b1a8906762a1dc2",
                "reference": "3b88ccd180a6b61ebb517aea3b1a8906762a1dc2",
                "shasum": ""
            },
            "require": {
                "php": "^7.2.5",
                "symfony/polyfill-ctype": "^1.8",
                "symfony/polyfill-mbstring": "^1.3"
            },
            "require-dev": {
                "psr/container": "^1.0",
                "symfony/phpunit-bridge": "^4.4|^5.0"
            },
            "type": "library",
            "extra": {
                "branch-alias": {
                    "dev-master": "3.0-dev"
                }
            },
            "autoload": {
                "psr-4": {
                    "Twig\\": "src/"
                }
            },
            "notification-url": "https://packagist.org/downloads/",
            "license": [
                "BSD-3-Clause"
            ],
            "authors": [
                {
                    "name": "Fabien Potencier",
                    "email": "fabien@symfony.com",
                    "homepage": "http://fabien.potencier.org",
                    "role": "Lead Developer"
                },
                {
                    "name": "Twig Team",
                    "role": "Contributors"
                },
                {
                    "name": "Armin Ronacher",
                    "email": "armin.ronacher@active-4.com",
                    "role": "Project Founder"
                }
            ],
            "description": "Twig, the flexible, fast, and secure template language for PHP",
            "homepage": "https://twig.symfony.com",
            "keywords": [
                "templating"
            ],
            "time": "2020-02-11T15:33:47+00:00"
        }
    ],
    "packages-dev": [],
    "aliases": [],
    "minimum-stability": "stable",
    "stability-flags": [],
    "prefer-stable": false,
    "prefer-lowest": false,
    "platform": [],
    "platform-dev": [],
    "plugin-api-version": "1.1.0"
}
